// !$*UTF8*$!
{
	archiveVersion = 1;
	classes = {
	};
	objectVersion = 56;
	objects = {

/* Begin PBXBuildFile section */
		330AA6152B5EC0DE004B0C02 /* HomeView.swift in Sources */ = {isa = PBXBuildFile; fileRef = 330AA6142B5EC0DE004B0C02 /* HomeView.swift */; };
		330AA6172B5ED717004B0C02 /* BannerCell.swift in Sources */ = {isa = PBXBuildFile; fileRef = 330AA6162B5ED717004B0C02 /* BannerCell.swift */; };
		330AA6192B5EDB20004B0C02 /* HomeSection.swift in Sources */ = {isa = PBXBuildFile; fileRef = 330AA6182B5EDB20004B0C02 /* HomeSection.swift */; };
		330AA61B2B60F54C004B0C02 /* ProductCell.swift in Sources */ = {isa = PBXBuildFile; fileRef = 330AA61A2B60F54C004B0C02 /* ProductCell.swift */; };
		330AA61D2B6123D8004B0C02 /* ProductInfo.swift in Sources */ = {isa = PBXBuildFile; fileRef = 330AA61C2B6123D8004B0C02 /* ProductInfo.swift */; };
		330AA61F2B616857004B0C02 /* BannerInfo.swift in Sources */ = {isa = PBXBuildFile; fileRef = 330AA61E2B616857004B0C02 /* BannerInfo.swift */; };
		3323B6802B59A28600450BCB /* AppDelegate.swift in Sources */ = {isa = PBXBuildFile; fileRef = 3323B67F2B59A28600450BCB /* AppDelegate.swift */; };
		3323B6822B59A28600450BCB /* SceneDelegate.swift in Sources */ = {isa = PBXBuildFile; fileRef = 3323B6812B59A28600450BCB /* SceneDelegate.swift */; };
		3323B6892B59A28800450BCB /* Assets.xcassets in Resources */ = {isa = PBXBuildFile; fileRef = 3323B6882B59A28800450BCB /* Assets.xcassets */; };
		3323B68C2B59A28800450BCB /* LaunchScreen.storyboard in Resources */ = {isa = PBXBuildFile; fileRef = 3323B68A2B59A28800450BCB /* LaunchScreen.storyboard */; };
		3323B6942B59A6B900450BCB /* Splash.storyboard in Resources */ = {isa = PBXBuildFile; fileRef = 3323B6932B59A6B900450BCB /* Splash.storyboard */; };
		338195052B626932003B4B47 /* HomeViewModel.swift in Sources */ = {isa = PBXBuildFile; fileRef = 338195042B626932003B4B47 /* HomeViewModel.swift */; };
		338195082B62BDF5003B4B47 /* NetworkManager.swift in Sources */ = {isa = PBXBuildFile; fileRef = 338195072B62BDF5003B4B47 /* NetworkManager.swift */; };
		3381950A2B62BEA8003B4B47 /* Const.swift in Sources */ = {isa = PBXBuildFile; fileRef = 338195092B62BEA8003B4B47 /* Const.swift */; };
		33A9E4742B5D2D9300CFA18F /* Lottie in Frameworks */ = {isa = PBXBuildFile; productRef = 33A9E4732B5D2D9300CFA18F /* Lottie */; };
		33A9E4772B5D88CA00CFA18F /* Images.xcassets in Resources */ = {isa = PBXBuildFile; fileRef = 33A9E4762B5D88CA00CFA18F /* Images.xcassets */; };
		33A9E4792B5D8BA500CFA18F /* SPImage.swift in Sources */ = {isa = PBXBuildFile; fileRef = 33A9E4782B5D8BA500CFA18F /* SPImage.swift */; };
		33A9E47B2B5D94A200CFA18F /* Colors.xcassets in Resources */ = {isa = PBXBuildFile; fileRef = 33A9E47A2B5D94A200CFA18F /* Colors.xcassets */; };
		33A9E47D2B5D96B400CFA18F /* SPColor.swift in Sources */ = {isa = PBXBuildFile; fileRef = 33A9E47C2B5D96B400CFA18F /* SPColor.swift */; };
		33A9E47F2B5D984E00CFA18F /* SPFont.swift in Sources */ = {isa = PBXBuildFile; fileRef = 33A9E47E2B5D984D00CFA18F /* SPFont.swift */; };
		33A9E4812B5D9E7C00CFA18F /* HomeViewController.swift in Sources */ = {isa = PBXBuildFile; fileRef = 33A9E4802B5D9E7C00CFA18F /* HomeViewController.swift */; };
		33B2743A2B59A6FD0089B426 /* SplashViewController.swift in Sources */ = {isa = PBXBuildFile; fileRef = 33B274392B59A6FD0089B426 /* SplashViewController.swift */; };
		33B2743D2B59A8FF0089B426 /* SnapKit in Frameworks */ = {isa = PBXBuildFile; productRef = 33B2743C2B59A8FF0089B426 /* SnapKit */; };
		33B8563D2B63A91100F9F69C /* ThemeInfo.swift in Sources */ = {isa = PBXBuildFile; fileRef = 33B8563C2B63A91100F9F69C /* ThemeInfo.swift */; };
		33B8563F2B63A97A00F9F69C /* HomeResponse.swift in Sources */ = {isa = PBXBuildFile; fileRef = 33B8563E2B63A97A00F9F69C /* HomeResponse.swift */; };
		33B856422B65C6AB00F9F69C /* Kingfisher in Frameworks */ = {isa = PBXBuildFile; productRef = 33B856412B65C6AB00F9F69C /* Kingfisher */; };
		33B856452B66E95D00F9F69C /* Numeric+.swift in Sources */ = {isa = PBXBuildFile; fileRef = 33B856442B66E95D00F9F69C /* Numeric+.swift */; };
		33B856472B672B7D00F9F69C /* CouponButtonCell.swift in Sources */ = {isa = PBXBuildFile; fileRef = 33B856462B672B7D00F9F69C /* CouponButtonCell.swift */; };
		33B856492B672CD500F9F69C /* CouponInfo.swift in Sources */ = {isa = PBXBuildFile; fileRef = 33B856482B672CD500F9F69C /* CouponInfo.swift */; };
		33B856512B696D2E00F9F69C /* SeparateLineCell.swift in Sources */ = {isa = PBXBuildFile; fileRef = 33B856502B696D2E00F9F69C /* SeparateLineCell.swift */; };
		33B856532B6982F500F9F69C /* SeparateInfo.swift in Sources */ = {isa = PBXBuildFile; fileRef = 33B856522B6982F500F9F69C /* SeparateInfo.swift */; };
		33B856552B69855D00F9F69C /* ThemeCell.swift in Sources */ = {isa = PBXBuildFile; fileRef = 33B856542B69855D00F9F69C /* ThemeCell.swift */; };
		33B856572B699FFC00F9F69C /* ThemeHeaderView.swift in Sources */ = {isa = PBXBuildFile; fileRef = 33B856562B699FFC00F9F69C /* ThemeHeaderView.swift */; };
/* End PBXBuildFile section */

/* Begin PBXFileReference section */
		330AA6142B5EC0DE004B0C02 /* HomeView.swift */ = {isa = PBXFileReference; lastKnownFileType = sourcecode.swift; path = HomeView.swift; sourceTree = "<group>"; };
		330AA6162B5ED717004B0C02 /* BannerCell.swift */ = {isa = PBXFileReference; lastKnownFileType = sourcecode.swift; path = BannerCell.swift; sourceTree = "<group>"; };
		330AA6182B5EDB20004B0C02 /* HomeSection.swift */ = {isa = PBXFileReference; lastKnownFileType = sourcecode.swift; path = HomeSection.swift; sourceTree = "<group>"; };
		330AA61A2B60F54C004B0C02 /* ProductCell.swift */ = {isa = PBXFileReference; lastKnownFileType = sourcecode.swift; path = ProductCell.swift; sourceTree = "<group>"; };
		330AA61C2B6123D8004B0C02 /* ProductInfo.swift */ = {isa = PBXFileReference; lastKnownFileType = sourcecode.swift; path = ProductInfo.swift; sourceTree = "<group>"; };
		330AA61E2B616857004B0C02 /* BannerInfo.swift */ = {isa = PBXFileReference; lastKnownFileType = sourcecode.swift; path = BannerInfo.swift; sourceTree = "<group>"; };
		3323B67C2B59A28600450BCB /* Shopping.app */ = {isa = PBXFileReference; explicitFileType = wrapper.application; includeInIndex = 0; path = Shopping.app; sourceTree = BUILT_PRODUCTS_DIR; };
		3323B67F2B59A28600450BCB /* AppDelegate.swift */ = {isa = PBXFileReference; lastKnownFileType = sourcecode.swift; path = AppDelegate.swift; sourceTree = "<group>"; };
		3323B6812B59A28600450BCB /* SceneDelegate.swift */ = {isa = PBXFileReference; lastKnownFileType = sourcecode.swift; path = SceneDelegate.swift; sourceTree = "<group>"; };
		3323B6882B59A28800450BCB /* Assets.xcassets */ = {isa = PBXFileReference; lastKnownFileType = folder.assetcatalog; path = Assets.xcassets; sourceTree = "<group>"; };
		3323B68B2B59A28800450BCB /* Base */ = {isa = PBXFileReference; lastKnownFileType = file.storyboard; name = Base; path = Base.lproj/LaunchScreen.storyboard; sourceTree = "<group>"; };
		3323B68D2B59A28800450BCB /* Info.plist */ = {isa = PBXFileReference; lastKnownFileType = text.plist.xml; path = Info.plist; sourceTree = "<group>"; };
		3323B6932B59A6B900450BCB /* Splash.storyboard */ = {isa = PBXFileReference; lastKnownFileType = file.storyboard; path = Splash.storyboard; sourceTree = "<group>"; };
		338195042B626932003B4B47 /* HomeViewModel.swift */ = {isa = PBXFileReference; lastKnownFileType = sourcecode.swift; path = HomeViewModel.swift; sourceTree = "<group>"; };
		338195072B62BDF5003B4B47 /* NetworkManager.swift */ = {isa = PBXFileReference; lastKnownFileType = sourcecode.swift; path = NetworkManager.swift; sourceTree = "<group>"; };
		338195092B62BEA8003B4B47 /* Const.swift */ = {isa = PBXFileReference; lastKnownFileType = sourcecode.swift; path = Const.swift; sourceTree = "<group>"; };
		33A9E4762B5D88CA00CFA18F /* Images.xcassets */ = {isa = PBXFileReference; lastKnownFileType = folder.assetcatalog; path = Images.xcassets; sourceTree = "<group>"; };
		33A9E4782B5D8BA500CFA18F /* SPImage.swift */ = {isa = PBXFileReference; lastKnownFileType = sourcecode.swift; path = SPImage.swift; sourceTree = "<group>"; };
		33A9E47A2B5D94A200CFA18F /* Colors.xcassets */ = {isa = PBXFileReference; lastKnownFileType = folder.assetcatalog; path = Colors.xcassets; sourceTree = "<group>"; };
		33A9E47C2B5D96B400CFA18F /* SPColor.swift */ = {isa = PBXFileReference; lastKnownFileType = sourcecode.swift; path = SPColor.swift; sourceTree = "<group>"; };
		33A9E47E2B5D984D00CFA18F /* SPFont.swift */ = {isa = PBXFileReference; lastKnownFileType = sourcecode.swift; path = SPFont.swift; sourceTree = "<group>"; };
		33A9E4802B5D9E7C00CFA18F /* HomeViewController.swift */ = {isa = PBXFileReference; lastKnownFileType = sourcecode.swift; path = HomeViewController.swift; sourceTree = "<group>"; };
		33B274392B59A6FD0089B426 /* SplashViewController.swift */ = {isa = PBXFileReference; lastKnownFileType = sourcecode.swift; path = SplashViewController.swift; sourceTree = "<group>"; };
		33B8563C2B63A91100F9F69C /* ThemeInfo.swift */ = {isa = PBXFileReference; lastKnownFileType = sourcecode.swift; path = ThemeInfo.swift; sourceTree = "<group>"; };
		33B8563E2B63A97A00F9F69C /* HomeResponse.swift */ = {isa = PBXFileReference; lastKnownFileType = sourcecode.swift; path = HomeResponse.swift; sourceTree = "<group>"; };
		33B856442B66E95D00F9F69C /* Numeric+.swift */ = {isa = PBXFileReference; lastKnownFileType = sourcecode.swift; path = "Numeric+.swift"; sourceTree = "<group>"; };
		33B856462B672B7D00F9F69C /* CouponButtonCell.swift */ = {isa = PBXFileReference; lastKnownFileType = sourcecode.swift; path = CouponButtonCell.swift; sourceTree = "<group>"; };
		33B856482B672CD500F9F69C /* CouponInfo.swift */ = {isa = PBXFileReference; lastKnownFileType = sourcecode.swift; path = CouponInfo.swift; sourceTree = "<group>"; };
		33B856502B696D2E00F9F69C /* SeparateLineCell.swift */ = {isa = PBXFileReference; lastKnownFileType = sourcecode.swift; path = SeparateLineCell.swift; sourceTree = "<group>"; };
		33B856522B6982F500F9F69C /* SeparateInfo.swift */ = {isa = PBXFileReference; lastKnownFileType = sourcecode.swift; path = SeparateInfo.swift; sourceTree = "<group>"; };
		33B856542B69855D00F9F69C /* ThemeCell.swift */ = {isa = PBXFileReference; lastKnownFileType = sourcecode.swift; path = ThemeCell.swift; sourceTree = "<group>"; };
		33B856562B699FFC00F9F69C /* ThemeHeaderView.swift */ = {isa = PBXFileReference; lastKnownFileType = sourcecode.swift; path = ThemeHeaderView.swift; sourceTree = "<group>"; };
/* End PBXFileReference section */

/* Begin PBXFrameworksBuildPhase section */
		3323B6792B59A28600450BCB /* Frameworks */ = {
			isa = PBXFrameworksBuildPhase;
			buildActionMask = 2147483647;
			files = (
				33B856422B65C6AB00F9F69C /* Kingfisher in Frameworks */,
				33B2743D2B59A8FF0089B426 /* SnapKit in Frameworks */,
				33A9E4742B5D2D9300CFA18F /* Lottie in Frameworks */,
			);
			runOnlyForDeploymentPostprocessing = 0;
		};
/* End PBXFrameworksBuildPhase section */

/* Begin PBXGroup section */
		330AA6112B5EBF52004B0C02 /* Splash */ = {
			isa = PBXGroup;
			children = (
				3323B68A2B59A28800450BCB /* LaunchScreen.storyboard */,
				3323B6932B59A6B900450BCB /* Splash.storyboard */,
				33B274392B59A6FD0089B426 /* SplashViewController.swift */,
			);
			path = Splash;
			sourceTree = "<group>";
		};
		330AA6122B5EBF5D004B0C02 /* Home */ = {
			isa = PBXGroup;
			children = (
				338195032B626569003B4B47 /* Cell */,
				330AA6142B5EC0DE004B0C02 /* HomeView.swift */,
				33A9E4802B5D9E7C00CFA18F /* HomeViewController.swift */,
				338195042B626932003B4B47 /* HomeViewModel.swift */,
			);
			path = Home;
			sourceTree = "<group>";
		};
		330AA6132B5EBF6B004B0C02 /* Page */ = {
			isa = PBXGroup;
			children = (
				330AA6112B5EBF52004B0C02 /* Splash */,
				330AA6122B5EBF5D004B0C02 /* Home */,
			);
			path = Page;
			sourceTree = "<group>";
		};
		3323B6732B59A28600450BCB = {
			isa = PBXGroup;
			children = (
				3323B67E2B59A28600450BCB /* Shopping */,
				3323B67D2B59A28600450BCB /* Products */,
			);
			sourceTree = "<group>";
		};
		3323B67D2B59A28600450BCB /* Products */ = {
			isa = PBXGroup;
			children = (
				3323B67C2B59A28600450BCB /* Shopping.app */,
			);
			name = Products;
			sourceTree = "<group>";
		};
		3323B67E2B59A28600450BCB /* Shopping */ = {
			isa = PBXGroup;
			children = (
				3323B67F2B59A28600450BCB /* AppDelegate.swift */,
				3323B6812B59A28600450BCB /* SceneDelegate.swift */,
				338195092B62BEA8003B4B47 /* Const.swift */,
				33A9E4752B5D88A700CFA18F /* DesignSource */,
				33B856432B66E8F700F9F69C /* Extension */,
				338195062B62BDE5003B4B47 /* Manager */,
				3381950B2B62E3DA003B4B47 /* Model */,
				330AA6132B5EBF6B004B0C02 /* Page */,
				3323B68D2B59A28800450BCB /* Info.plist */,
			);
			path = Shopping;
			sourceTree = "<group>";
		};
		338195032B626569003B4B47 /* Cell */ = {
			isa = PBXGroup;
			children = (
				330AA6162B5ED717004B0C02 /* BannerCell.swift */,
				33B856462B672B7D00F9F69C /* CouponButtonCell.swift */,
				330AA61A2B60F54C004B0C02 /* ProductCell.swift */,
				33B856502B696D2E00F9F69C /* SeparateLineCell.swift */,
				33B856542B69855D00F9F69C /* ThemeCell.swift */,
				33B856562B699FFC00F9F69C /* ThemeHeaderView.swift */,
			);
			path = Cell;
			sourceTree = "<group>";
		};
		338195062B62BDE5003B4B47 /* Manager */ = {
			isa = PBXGroup;
			children = (
				338195072B62BDF5003B4B47 /* NetworkManager.swift */,
			);
			path = Manager;
			sourceTree = "<group>";
		};
		3381950B2B62E3DA003B4B47 /* Model */ = {
			isa = PBXGroup;
			children = (
				330AA61E2B616857004B0C02 /* BannerInfo.swift */,
				33B856482B672CD500F9F69C /* CouponInfo.swift */,
				33B8563E2B63A97A00F9F69C /* HomeResponse.swift */,
				330AA6182B5EDB20004B0C02 /* HomeSection.swift */,
				330AA61C2B6123D8004B0C02 /* ProductInfo.swift */,
				33B856522B6982F500F9F69C /* SeparateInfo.swift */,
				33B8563C2B63A91100F9F69C /* ThemeInfo.swift */,
			);
			path = Model;
			sourceTree = "<group>";
		};
		33A9E4752B5D88A700CFA18F /* DesignSource */ = {
			isa = PBXGroup;
			children = (
				3323B6882B59A28800450BCB /* Assets.xcassets */,
				33A9E47A2B5D94A200CFA18F /* Colors.xcassets */,
				33A9E4762B5D88CA00CFA18F /* Images.xcassets */,
				33A9E47C2B5D96B400CFA18F /* SPColor.swift */,
				33A9E47E2B5D984D00CFA18F /* SPFont.swift */,
				33A9E4782B5D8BA500CFA18F /* SPImage.swift */,
			);
			path = DesignSource;
			sourceTree = "<group>";
		};
		33B856432B66E8F700F9F69C /* Extension */ = {
			isa = PBXGroup;
			children = (
				33B856442B66E95D00F9F69C /* Numeric+.swift */,
			);
			path = Extension;
			sourceTree = "<group>";
		};
/* End PBXGroup section */

/* Begin PBXNativeTarget section */
		3323B67B2B59A28600450BCB /* Shopping */ = {
			isa = PBXNativeTarget;
			buildConfigurationList = 3323B6902B59A28800450BCB /* Build configuration list for PBXNativeTarget "Shopping" */;
			buildPhases = (
				3323B6782B59A28600450BCB /* Sources */,
				3323B6792B59A28600450BCB /* Frameworks */,
				3323B67A2B59A28600450BCB /* Resources */,
			);
			buildRules = (
			);
			dependencies = (
			);
			name = Shopping;
			packageProductDependencies = (
				33B2743C2B59A8FF0089B426 /* SnapKit */,
				33A9E4732B5D2D9300CFA18F /* Lottie */,
				33B856412B65C6AB00F9F69C /* Kingfisher */,
			);
			productName = Shopping;
			productReference = 3323B67C2B59A28600450BCB /* Shopping.app */;
			productType = "com.apple.product-type.application";
		};
/* End PBXNativeTarget section */

/* Begin PBXProject section */
		3323B6742B59A28600450BCB /* Project object */ = {
			isa = PBXProject;
			attributes = {
				BuildIndependentTargetsInParallel = 1;
				LastSwiftUpdateCheck = 1520;
				LastUpgradeCheck = 1520;
				TargetAttributes = {
					3323B67B2B59A28600450BCB = {
						CreatedOnToolsVersion = 15.2;
					};
				};
			};
			buildConfigurationList = 3323B6772B59A28600450BCB /* Build configuration list for PBXProject "Shopping" */;
			compatibilityVersion = "Xcode 14.0";
			developmentRegion = en;
			hasScannedForEncodings = 0;
			knownRegions = (
				en,
				Base,
			);
			mainGroup = 3323B6732B59A28600450BCB;
			packageReferences = (
				33B2743B2B59A8FF0089B426 /* XCRemoteSwiftPackageReference "SnapKit" */,
				33A9E4722B5D2D9300CFA18F /* XCRemoteSwiftPackageReference "lottie-ios" */,
				33B856402B65C6AB00F9F69C /* XCRemoteSwiftPackageReference "Kingfisher" */,
			);
			productRefGroup = 3323B67D2B59A28600450BCB /* Products */;
			projectDirPath = "";
			projectRoot = "";
			targets = (
				3323B67B2B59A28600450BCB /* Shopping */,
			);
		};
/* End PBXProject section */

/* Begin PBXResourcesBuildPhase section */
		3323B67A2B59A28600450BCB /* Resources */ = {
			isa = PBXResourcesBuildPhase;
			buildActionMask = 2147483647;
			files = (
				3323B68C2B59A28800450BCB /* LaunchScreen.storyboard in Resources */,
				33A9E47B2B5D94A200CFA18F /* Colors.xcassets in Resources */,
				33A9E4772B5D88CA00CFA18F /* Images.xcassets in Resources */,
				3323B6892B59A28800450BCB /* Assets.xcassets in Resources */,
				3323B6942B59A6B900450BCB /* Splash.storyboard in Resources */,
			);
			runOnlyForDeploymentPostprocessing = 0;
		};
/* End PBXResourcesBuildPhase section */

/* Begin PBXSourcesBuildPhase section */
		3323B6782B59A28600450BCB /* Sources */ = {
			isa = PBXSourcesBuildPhase;
			buildActionMask = 2147483647;
			files = (
				33B856512B696D2E00F9F69C /* SeparateLineCell.swift in Sources */,
				33B8563D2B63A91100F9F69C /* ThemeInfo.swift in Sources */,
				33B8563F2B63A97A00F9F69C /* HomeResponse.swift in Sources */,
				33A9E47F2B5D984E00CFA18F /* SPFont.swift in Sources */,
				330AA61B2B60F54C004B0C02 /* ProductCell.swift in Sources */,
				33B856552B69855D00F9F69C /* ThemeCell.swift in Sources */,
				330AA6192B5EDB20004B0C02 /* HomeSection.swift in Sources */,
				33B856472B672B7D00F9F69C /* CouponButtonCell.swift in Sources */,
				33A9E4792B5D8BA500CFA18F /* SPImage.swift in Sources */,
				330AA61F2B616857004B0C02 /* BannerInfo.swift in Sources */,
				33B856492B672CD500F9F69C /* CouponInfo.swift in Sources */,
				330AA6152B5EC0DE004B0C02 /* HomeView.swift in Sources */,
				33A9E4812B5D9E7C00CFA18F /* HomeViewController.swift in Sources */,
				33A9E47D2B5D96B400CFA18F /* SPColor.swift in Sources */,
				3323B6802B59A28600450BCB /* AppDelegate.swift in Sources */,
				33B856572B699FFC00F9F69C /* ThemeHeaderView.swift in Sources */,
				338195052B626932003B4B47 /* HomeViewModel.swift in Sources */,
				33B856452B66E95D00F9F69C /* Numeric+.swift in Sources */,
				3323B6822B59A28600450BCB /* SceneDelegate.swift in Sources */,
				330AA61D2B6123D8004B0C02 /* ProductInfo.swift in Sources */,
				33B856532B6982F500F9F69C /* SeparateInfo.swift in Sources */,
				338195082B62BDF5003B4B47 /* NetworkManager.swift in Sources */,
				3381950A2B62BEA8003B4B47 /* Const.swift in Sources */,
				33B2743A2B59A6FD0089B426 /* SplashViewController.swift in Sources */,
				330AA6172B5ED717004B0C02 /* BannerCell.swift in Sources */,
			);
			runOnlyForDeploymentPostprocessing = 0;
		};
/* End PBXSourcesBuildPhase section */

/* Begin PBXVariantGroup section */
		3323B68A2B59A28800450BCB /* LaunchScreen.storyboard */ = {
			isa = PBXVariantGroup;
			children = (
				3323B68B2B59A28800450BCB /* Base */,
			);
			name = LaunchScreen.storyboard;
			sourceTree = "<group>";
		};
/* End PBXVariantGroup section */

/* Begin XCBuildConfiguration section */
		3323B68E2B59A28800450BCB /* Debug */ = {
			isa = XCBuildConfiguration;
			buildSettings = {
				ALWAYS_SEARCH_USER_PATHS = NO;
				ASSETCATALOG_COMPILER_GENERATE_SWIFT_ASSET_SYMBOL_EXTENSIONS = YES;
				CLANG_ANALYZER_NONNULL = YES;
				CLANG_ANALYZER_NUMBER_OBJECT_CONVERSION = YES_AGGRESSIVE;
				CLANG_CXX_LANGUAGE_STANDARD = "gnu++20";
				CLANG_ENABLE_MODULES = YES;
				CLANG_ENABLE_OBJC_ARC = YES;
				CLANG_ENABLE_OBJC_WEAK = YES;
				CLANG_WARN_BLOCK_CAPTURE_AUTORELEASING = YES;
				CLANG_WARN_BOOL_CONVERSION = YES;
				CLANG_WARN_COMMA = YES;
				CLANG_WARN_CONSTANT_CONVERSION = YES;
				CLANG_WARN_DEPRECATED_OBJC_IMPLEMENTATIONS = YES;
				CLANG_WARN_DIRECT_OBJC_ISA_USAGE = YES_ERROR;
				CLANG_WARN_DOCUMENTATION_COMMENTS = YES;
				CLANG_WARN_EMPTY_BODY = YES;
				CLANG_WARN_ENUM_CONVERSION = YES;
				CLANG_WARN_INFINITE_RECURSION = YES;
				CLANG_WARN_INT_CONVERSION = YES;
				CLANG_WARN_NON_LITERAL_NULL_CONVERSION = YES;
				CLANG_WARN_OBJC_IMPLICIT_RETAIN_SELF = YES;
				CLANG_WARN_OBJC_LITERAL_CONVERSION = YES;
				CLANG_WARN_OBJC_ROOT_CLASS = YES_ERROR;
				CLANG_WARN_QUOTED_INCLUDE_IN_FRAMEWORK_HEADER = YES;
				CLANG_WARN_RANGE_LOOP_ANALYSIS = YES;
				CLANG_WARN_STRICT_PROTOTYPES = YES;
				CLANG_WARN_SUSPICIOUS_MOVE = YES;
				CLANG_WARN_UNGUARDED_AVAILABILITY = YES_AGGRESSIVE;
				CLANG_WARN_UNREACHABLE_CODE = YES;
				CLANG_WARN__DUPLICATE_METHOD_MATCH = YES;
				COPY_PHASE_STRIP = NO;
				DEBUG_INFORMATION_FORMAT = dwarf;
				ENABLE_STRICT_OBJC_MSGSEND = YES;
				ENABLE_TESTABILITY = YES;
				ENABLE_USER_SCRIPT_SANDBOXING = YES;
				GCC_C_LANGUAGE_STANDARD = gnu17;
				GCC_DYNAMIC_NO_PIC = NO;
				GCC_NO_COMMON_BLOCKS = YES;
				GCC_OPTIMIZATION_LEVEL = 0;
				GCC_PREPROCESSOR_DEFINITIONS = (
					"DEBUG=1",
					"$(inherited)",
				);
				GCC_WARN_64_TO_32_BIT_CONVERSION = YES;
				GCC_WARN_ABOUT_RETURN_TYPE = YES_ERROR;
				GCC_WARN_UNDECLARED_SELECTOR = YES;
				GCC_WARN_UNINITIALIZED_AUTOS = YES_AGGRESSIVE;
				GCC_WARN_UNUSED_FUNCTION = YES;
				GCC_WARN_UNUSED_VARIABLE = YES;
				IPHONEOS_DEPLOYMENT_TARGET = 17.2;
				LOCALIZATION_PREFERS_STRING_CATALOGS = YES;
				MTL_ENABLE_DEBUG_INFO = INCLUDE_SOURCE;
				MTL_FAST_MATH = YES;
				ONLY_ACTIVE_ARCH = YES;
				SDKROOT = iphoneos;
				SWIFT_ACTIVE_COMPILATION_CONDITIONS = "DEBUG $(inherited)";
				SWIFT_OPTIMIZATION_LEVEL = "-Onone";
			};
			name = Debug;
		};
		3323B68F2B59A28800450BCB /* Release */ = {
			isa = XCBuildConfiguration;
			buildSettings = {
				ALWAYS_SEARCH_USER_PATHS = NO;
				ASSETCATALOG_COMPILER_GENERATE_SWIFT_ASSET_SYMBOL_EXTENSIONS = YES;
				CLANG_ANALYZER_NONNULL = YES;
				CLANG_ANALYZER_NUMBER_OBJECT_CONVERSION = YES_AGGRESSIVE;
				CLANG_CXX_LANGUAGE_STANDARD = "gnu++20";
				CLANG_ENABLE_MODULES = YES;
				CLANG_ENABLE_OBJC_ARC = YES;
				CLANG_ENABLE_OBJC_WEAK = YES;
				CLANG_WARN_BLOCK_CAPTURE_AUTORELEASING = YES;
				CLANG_WARN_BOOL_CONVERSION = YES;
				CLANG_WARN_COMMA = YES;
				CLANG_WARN_CONSTANT_CONVERSION = YES;
				CLANG_WARN_DEPRECATED_OBJC_IMPLEMENTATIONS = YES;
				CLANG_WARN_DIRECT_OBJC_ISA_USAGE = YES_ERROR;
				CLANG_WARN_DOCUMENTATION_COMMENTS = YES;
				CLANG_WARN_EMPTY_BODY = YES;
				CLANG_WARN_ENUM_CONVERSION = YES;
				CLANG_WARN_INFINITE_RECURSION = YES;
				CLANG_WARN_INT_CONVERSION = YES;
				CLANG_WARN_NON_LITERAL_NULL_CONVERSION = YES;
				CLANG_WARN_OBJC_IMPLICIT_RETAIN_SELF = YES;
				CLANG_WARN_OBJC_LITERAL_CONVERSION = YES;
				CLANG_WARN_OBJC_ROOT_CLASS = YES_ERROR;
				CLANG_WARN_QUOTED_INCLUDE_IN_FRAMEWORK_HEADER = YES;
				CLANG_WARN_RANGE_LOOP_ANALYSIS = YES;
				CLANG_WARN_STRICT_PROTOTYPES = YES;
				CLANG_WARN_SUSPICIOUS_MOVE = YES;
				CLANG_WARN_UNGUARDED_AVAILABILITY = YES_AGGRESSIVE;
				CLANG_WARN_UNREACHABLE_CODE = YES;
				CLANG_WARN__DUPLICATE_METHOD_MATCH = YES;
				COPY_PHASE_STRIP = NO;
				DEBUG_INFORMATION_FORMAT = "dwarf-with-dsym";
				ENABLE_NS_ASSERTIONS = NO;
				ENABLE_STRICT_OBJC_MSGSEND = YES;
				ENABLE_USER_SCRIPT_SANDBOXING = YES;
				GCC_C_LANGUAGE_STANDARD = gnu17;
				GCC_NO_COMMON_BLOCKS = YES;
				GCC_WARN_64_TO_32_BIT_CONVERSION = YES;
				GCC_WARN_ABOUT_RETURN_TYPE = YES_ERROR;
				GCC_WARN_UNDECLARED_SELECTOR = YES;
				GCC_WARN_UNINITIALIZED_AUTOS = YES_AGGRESSIVE;
				GCC_WARN_UNUSED_FUNCTION = YES;
				GCC_WARN_UNUSED_VARIABLE = YES;
				IPHONEOS_DEPLOYMENT_TARGET = 17.2;
				LOCALIZATION_PREFERS_STRING_CATALOGS = YES;
				MTL_ENABLE_DEBUG_INFO = NO;
				MTL_FAST_MATH = YES;
				SDKROOT = iphoneos;
				SWIFT_COMPILATION_MODE = wholemodule;
				VALIDATE_PRODUCT = YES;
			};
			name = Release;
		};
		3323B6912B59A28800450BCB /* Debug */ = {
			isa = XCBuildConfiguration;
			buildSettings = {
				ASSETCATALOG_COMPILER_APPICON_NAME = AppIcon;
				ASSETCATALOG_COMPILER_GLOBAL_ACCENT_COLOR_NAME = AccentColor;
				CODE_SIGN_STYLE = Automatic;
				CURRENT_PROJECT_VERSION = 1;
				DEVELOPMENT_TEAM = HJ943JVKX7;
				GENERATE_INFOPLIST_FILE = YES;
				INFOPLIST_FILE = Shopping/Info.plist;
				INFOPLIST_KEY_UIApplicationSupportsIndirectInputEvents = YES;
				INFOPLIST_KEY_UILaunchStoryboardName = LaunchScreen;
				INFOPLIST_KEY_UIMainStoryboardFile = Splash;
				INFOPLIST_KEY_UISupportedInterfaceOrientations_iPad = "UIInterfaceOrientationPortrait UIInterfaceOrientationPortraitUpsideDown UIInterfaceOrientationLandscapeLeft UIInterfaceOrientationLandscapeRight";
				INFOPLIST_KEY_UISupportedInterfaceOrientations_iPhone = "UIInterfaceOrientationPortrait UIInterfaceOrientationLandscapeLeft UIInterfaceOrientationLandscapeRight";
				IPHONEOS_DEPLOYMENT_TARGET = 17.0;
				LD_RUNPATH_SEARCH_PATHS = (
					"$(inherited)",
					"@executable_path/Frameworks",
				);
				MARKETING_VERSION = 1.0;
				PRODUCT_BUNDLE_IDENTIFIER = "z-wook.Shopping";
				PRODUCT_NAME = "$(TARGET_NAME)";
				SUPPORTED_PLATFORMS = "iphoneos iphonesimulator";
				SUPPORTS_MACCATALYST = NO;
				SUPPORTS_MAC_DESIGNED_FOR_IPHONE_IPAD = NO;
				SUPPORTS_XR_DESIGNED_FOR_IPHONE_IPAD = NO;
				SWIFT_EMIT_LOC_STRINGS = YES;
				SWIFT_VERSION = 5.0;
				TARGETED_DEVICE_FAMILY = "1,2";
			};
			name = Debug;
		};
		3323B6922B59A28800450BCB /* Release */ = {
			isa = XCBuildConfiguration;
			buildSettings = {
				ASSETCATALOG_COMPILER_APPICON_NAME = AppIcon;
				ASSETCATALOG_COMPILER_GLOBAL_ACCENT_COLOR_NAME = AccentColor;
				CODE_SIGN_STYLE = Automatic;
				CURRENT_PROJECT_VERSION = 1;
				DEVELOPMENT_TEAM = HJ943JVKX7;
				GENERATE_INFOPLIST_FILE = YES;
				INFOPLIST_FILE = Shopping/Info.plist;
				INFOPLIST_KEY_UIApplicationSupportsIndirectInputEvents = YES;
				INFOPLIST_KEY_UILaunchStoryboardName = LaunchScreen;
				INFOPLIST_KEY_UIMainStoryboardFile = Splash;
				INFOPLIST_KEY_UISupportedInterfaceOrientations_iPad = "UIInterfaceOrientationPortrait UIInterfaceOrientationPortraitUpsideDown UIInterfaceOrientationLandscapeLeft UIInterfaceOrientationLandscapeRight";
				INFOPLIST_KEY_UISupportedInterfaceOrientations_iPhone = "UIInterfaceOrientationPortrait UIInterfaceOrientationLandscapeLeft UIInterfaceOrientationLandscapeRight";
				IPHONEOS_DEPLOYMENT_TARGET = 17.0;
				LD_RUNPATH_SEARCH_PATHS = (
					"$(inherited)",
					"@executable_path/Frameworks",
				);
				MARKETING_VERSION = 1.0;
				PRODUCT_BUNDLE_IDENTIFIER = "z-wook.Shopping";
				PRODUCT_NAME = "$(TARGET_NAME)";
				SUPPORTED_PLATFORMS = "iphoneos iphonesimulator";
				SUPPORTS_MACCATALYST = NO;
				SUPPORTS_MAC_DESIGNED_FOR_IPHONE_IPAD = NO;
				SUPPORTS_XR_DESIGNED_FOR_IPHONE_IPAD = NO;
				SWIFT_EMIT_LOC_STRINGS = YES;
				SWIFT_VERSION = 5.0;
				TARGETED_DEVICE_FAMILY = "1,2";
			};
			name = Release;
		};
/* End XCBuildConfiguration section */

/* Begin XCConfigurationList section */
		3323B6772B59A28600450BCB /* Build configuration list for PBXProject "Shopping" */ = {
			isa = XCConfigurationList;
			buildConfigurations = (
				3323B68E2B59A28800450BCB /* Debug */,
				3323B68F2B59A28800450BCB /* Release */,
			);
			defaultConfigurationIsVisible = 0;
			defaultConfigurationName = Release;
		};
		3323B6902B59A28800450BCB /* Build configuration list for PBXNativeTarget "Shopping" */ = {
			isa = XCConfigurationList;
			buildConfigurations = (
				3323B6912B59A28800450BCB /* Debug */,
				3323B6922B59A28800450BCB /* Release */,
			);
			defaultConfigurationIsVisible = 0;
			defaultConfigurationName = Release;
		};
/* End XCConfigurationList section */

/* Begin XCRemoteSwiftPackageReference section */
		33A9E4722B5D2D9300CFA18F /* XCRemoteSwiftPackageReference "lottie-ios" */ = {
			isa = XCRemoteSwiftPackageReference;
			repositoryURL = "https://github.com/airbnb/lottie-ios.git";
			requirement = {
				kind = upToNextMajorVersion;
				minimumVersion = 4.3.4;
			};
		};
		33B2743B2B59A8FF0089B426 /* XCRemoteSwiftPackageReference "SnapKit" */ = {
			isa = XCRemoteSwiftPackageReference;
			repositoryURL = "https://github.com/SnapKit/SnapKit";
			requirement = {
				kind = upToNextMajorVersion;
				minimumVersion = 5.7.0;
			};
		};
		33B856402B65C6AB00F9F69C /* XCRemoteSwiftPackageReference "Kingfisher" */ = {
			isa = XCRemoteSwiftPackageReference;
			repositoryURL = "https://github.com/onevcat/Kingfisher";
			requirement = {
				kind = upToNextMajorVersion;
				minimumVersion = 7.10.2;
			};
		};
/* End XCRemoteSwiftPackageReference section */

/* Begin XCSwiftPackageProductDependency section */
		33A9E4732B5D2D9300CFA18F /* Lottie */ = {
			isa = XCSwiftPackageProductDependency;
			package = 33A9E4722B5D2D9300CFA18F /* XCRemoteSwiftPackageReference "lottie-ios" */;
			productName = Lottie;
		};
		33B2743C2B59A8FF0089B426 /* SnapKit */ = {
			isa = XCSwiftPackageProductDependency;
			package = 33B2743B2B59A8FF0089B426 /* XCRemoteSwiftPackageReference "SnapKit" */;
			productName = SnapKit;
		};
		33B856412B65C6AB00F9F69C /* Kingfisher */ = {
			isa = XCSwiftPackageProductDependency;
			package = 33B856402B65C6AB00F9F69C /* XCRemoteSwiftPackageReference "Kingfisher" */;
			productName = Kingfisher;
		};
/* End XCSwiftPackageProductDependency section */
	};
	rootObject = 3323B6742B59A28600450BCB /* Project object */;
}
